// !$*UTF8*$!
{
	archiveVersion = 1;
	classes = {
	};
	objectVersion = 50;
	objects = {

/* Begin PBXBuildFile section */
		CBD619DD2528983200050027 /* AppDelegate.swift in Sources */ = {isa = PBXBuildFile; fileRef = CBD619DC2528983200050027 /* AppDelegate.swift */; };
		CBD619E62528983500050027 /* Assets.xcassets in Resources */ = {isa = PBXBuildFile; fileRef = CBD619E52528983500050027 /* Assets.xcassets */; };
		CBD619F2252898A800050027 /* ParentViewController.swift in Sources */ = {isa = PBXBuildFile; fileRef = CBD619F0252898A800050027 /* ParentViewController.swift */; };
		CBD619F3252898A800050027 /* ParentViewController.xib in Resources */ = {isa = PBXBuildFile; fileRef = CBD619F1252898A800050027 /* ParentViewController.xib */; };
		CBD619F7252898C600050027 /* ChildViewController.swift in Sources */ = {isa = PBXBuildFile; fileRef = CBD619F5252898C600050027 /* ChildViewController.swift */; };
		CBD619F8252898C600050027 /* ChildViewController.xib in Resources */ = {isa = PBXBuildFile; fileRef = CBD619F6252898C600050027 /* ChildViewController.xib */; };
/* End PBXBuildFile section */

/* Begin PBXFileReference section */
		CBD619D92528983200050027 /* DelegationWithCombine.app */ = {isa = PBXFileReference; explicitFileType = wrapper.application; includeInIndex = 0; path = DelegationWithCombine.app; sourceTree = BUILT_PRODUCTS_DIR; };
		CBD619DC2528983200050027 /* AppDelegate.swift */ = {isa = PBXFileReference; lastKnownFileType = sourcecode.swift; path = AppDelegate.swift; sourceTree = "<group>"; };
		CBD619E52528983500050027 /* Assets.xcassets */ = {isa = PBXFileReference; lastKnownFileType = folder.assetcatalog; path = Assets.xcassets; sourceTree = "<group>"; };
		CBD619EA2528983500050027 /* Info.plist */ = {isa = PBXFileReference; lastKnownFileType = text.plist.xml; path = Info.plist; sourceTree = "<group>"; };
		CBD619F0252898A800050027 /* ParentViewController.swift */ = {isa = PBXFileReference; lastKnownFileType = sourcecode.swift; path = ParentViewController.swift; sourceTree = "<group>"; };
		CBD619F1252898A800050027 /* ParentViewController.xib */ = {isa = PBXFileReference; lastKnownFileType = file.xib; path = ParentViewController.xib; sourceTree = "<group>"; };
		CBD619F5252898C600050027 /* ChildViewController.swift */ = {isa = PBXFileReference; lastKnownFileType = sourcecode.swift; path = ChildViewController.swift; sourceTree = "<group>"; };
		CBD619F6252898C600050027 /* ChildViewController.xib */ = {isa = PBXFileReference; lastKnownFileType = file.xib; path = ChildViewController.xib; sourceTree = "<group>"; };
/* End PBXFileReference section */

/* Begin PBXFrameworksBuildPhase section */
		CBD619D62528983200050027 /* Frameworks */ = {
			isa = PBXFrameworksBuildPhase;
			buildActionMask = 2147483647;
			files = (
			);
			runOnlyForDeploymentPostprocessing = 0;
		};
/* End PBXFrameworksBuildPhase section */

/* Begin PBXGroup section */
		CBD619D02528983200050027 = {
			isa = PBXGroup;
			children = (
				CBD619DB2528983200050027 /* DelegationWithCombine */,
				CBD619DA2528983200050027 /* Products */,
			);
			sourceTree = "<group>";
		};
		CBD619DA2528983200050027 /* Products */ = {
			isa = PBXGroup;
			children = (
				CBD619D92528983200050027 /* DelegationWithCombine.app */,
			);
			name = Products;
			sourceTree = "<group>";
		};
		CBD619DB2528983200050027 /* DelegationWithCombine */ = {
			isa = PBXGroup;
			children = (
				CBD619DC2528983200050027 /* AppDelegate.swift */,
				CBD619F4252898B700050027 /* View Controller */,
				CBD619E52528983500050027 /* Assets.xcassets */,
				CBD619EA2528983500050027 /* Info.plist */,
			);
			path = DelegationWithCombine;
			sourceTree = "<group>";
		};
		CBD619F4252898B700050027 /* View Controller */ = {
			isa = PBXGroup;
			children = (
				CBD619FA252898D200050027 /* Parent */,
				CBD619F9252898CC00050027 /* Child */,
			);
			path = "View Controller";
			sourceTree = "<group>";
		};
		CBD619F9252898CC00050027 /* Child */ = {
			isa = PBXGroup;
			children = (
				CBD619F5252898C600050027 /* ChildViewController.swift */,
				CBD619F6252898C600050027 /* ChildViewController.xib */,
			);
			path = Child;
			sourceTree = "<group>";
		};
		CBD619FA252898D200050027 /* Parent */ = {
			isa = PBXGroup;
			children = (
				CBD619F0252898A800050027 /* ParentViewController.swift */,
				CBD619F1252898A800050027 /* ParentViewController.xib */,
			);
			path = Parent;
			sourceTree = "<group>";
		};
/* End PBXGroup section */

/* Begin PBXNativeTarget section */
		CBD619D82528983200050027 /* DelegationWithCombine */ = {
			isa = PBXNativeTarget;
			buildConfigurationList = CBD619ED2528983500050027 /* Build configuration list for PBXNativeTarget "DelegationWithCombine" */;
			buildPhases = (
				CBD619D52528983200050027 /* Sources */,
				CBD619D62528983200050027 /* Frameworks */,
				CBD619D72528983200050027 /* Resources */,
			);
			buildRules = (
			);
			dependencies = (
			);
			name = DelegationWithCombine;
			productName = DelegationWithCombine;
			productReference = CBD619D92528983200050027 /* DelegationWithCombine.app */;
			productType = "com.apple.product-type.application";
		};
/* End PBXNativeTarget section */

/* Begin PBXProject section */
		CBD619D12528983200050027 /* Project object */ = {
			isa = PBXProject;
			attributes = {
				LastSwiftUpdateCheck = 1160;
				LastUpgradeCheck = 1160;
				ORGANIZATIONNAME = "Umer Khan";
				TargetAttributes = {
					CBD619D82528983200050027 = {
						CreatedOnToolsVersion = 11.6;
					};
				};
			};
			buildConfigurationList = CBD619D42528983200050027 /* Build configuration list for PBXProject "DelegationWithCombine" */;
			compatibilityVersion = "Xcode 9.3";
			developmentRegion = en;
			hasScannedForEncodings = 0;
			knownRegions = (
				en,
				Base,
			);
			mainGroup = CBD619D02528983200050027;
			productRefGroup = CBD619DA2528983200050027 /* Products */;
			projectDirPath = "";
			projectRoot = "";
			targets = (
				CBD619D82528983200050027 /* DelegationWithCombine */,
			);
		};
/* End PBXProject section */

/* Begin PBXResourcesBuildPhase section */
		CBD619D72528983200050027 /* Resources */ = {
			isa = PBXResourcesBuildPhase;
			buildActionMask = 2147483647;
			files = (
				CBD619F3252898A800050027 /* ParentViewController.xib in Resources */,
				CBD619F8252898C600050027 /* ChildViewController.xib in Resources */,
				CBD619E62528983500050027 /* Assets.xcassets in Resources */,
			);
			runOnlyForDeploymentPostprocessing = 0;
		};
/* End PBXResourcesBuildPhase section */

/* Begin PBXSourcesBuildPhase section */
		CBD619D52528983200050027 /* Sources */ = {
			isa = PBXSourcesBuildPhase;
			buildActionMask = 2147483647;
			files = (
				CBD619F2252898A800050027 /* ParentViewController.swift in Sources */,
				CBD619DD2528983200050027 /* AppDelegate.swift in Sources */,
				CBD619F7252898C600050027 /* ChildViewController.swift in Sources */,
			);
			runOnlyForDeploymentPostprocessing = 0;
		};
/* End PBXSourcesBuildPhase section */

/* Begin XCBuildConfiguration section */
		CBD619EB2528983500050027 /* Debug */ = {
			isa = XCBuildConfiguration;
			buildSettings = {
				ALWAYS_SEARCH_USER_PATHS = NO;
				CLANG_ANALYZER_NONNULL = YES;
				CLANG_ANALYZER_NUMBER_OBJECT_CONVERSION = YES_AGGRESSIVE;
				CLANG_CXX_LANGUAGE_STANDARD = "gnu++14";
				CLANG_CXX_LIBRARY = "libc++";
				CLANG_ENABLE_MODULES = YES;
				CLANG_ENABLE_OBJC_ARC = YES;
				CLANG_ENABLE_OBJC_WEAK = YES;
				CLANG_WARN_BLOCK_CAPTURE_AUTORELEASING = YES;
				CLANG_WARN_BOOL_CONVERSION = YES;
				CLANG_WARN_COMMA = YES;
				CLANG_WARN_CONSTANT_CONVERSION = YES;
				CLANG_WARN_DEPRECATED_OBJC_IMPLEMENTATIONS = YES;
				CLANG_WARN_DIRECT_OBJC_ISA_USAGE = YES_ERROR;
				CLANG_WARN_DOCUMENTATION_COMMENTS = YES;
				CLANG_WARN_EMPTY_BODY = YES;
				CLANG_WARN_ENUM_CONVERSION = YES;
				CLANG_WARN_INFINITE_RECURSION = YES;
				CLANG_WARN_INT_CONVERSION = YES;
				CLANG_WARN_NON_LITERAL_NULL_CONVERSION = YES;
				CLANG_WARN_OBJC_IMPLICIT_RETAIN_SELF = YES;
				CLANG_WARN_OBJC_LITERAL_CONVERSION = YES;
				CLANG_WARN_OBJC_ROOT_CLASS = YES_ERROR;
				CLANG_WARN_RANGE_LOOP_ANALYSIS = YES;
				CLANG_WARN_STRICT_PROTOTYPES = YES;
				CLANG_WARN_SUSPICIOUS_MOVE = YES;
				CLANG_WARN_UNGUARDED_AVAILABILITY = YES_AGGRESSIVE;
				CLANG_WARN_UNREACHABLE_CODE = YES;
				CLANG_WARN__DUPLICATE_METHOD_MATCH = YES;
				COPY_PHASE_STRIP = NO;
				DEBUG_INFORMATION_FORMAT = dwarf;
				ENABLE_STRICT_OBJC_MSGSEND = YES;
				ENABLE_TESTABILITY = YES;
				GCC_C_LANGUAGE_STANDARD = gnu11;
				GCC_DYNAMIC_NO_PIC = NO;
				GCC_NO_COMMON_BLOCKS = YES;
				GCC_OPTIMIZATION_LEVEL = 0;
				GCC_PREPROCESSOR_DEFINITIONS = (
					"DEBUG=1",
					"$(inherited)",
				);
				GCC_WARN_64_TO_32_BIT_CONVERSION = YES;
				GCC_WARN_ABOUT_RETURN_TYPE = YES_ERROR;
				GCC_WARN_UNDECLARED_SELECTOR = YES;
				GCC_WARN_UNINITIALIZED_AUTOS = YES_AGGRESSIVE;
				GCC_WARN_UNUSED_FUNCTION = YES;
				GCC_WARN_UNUSED_VARIABLE = YES;
				IPHONEOS_DEPLOYMENT_TARGET = 13.6;
				MTL_ENABLE_DEBUG_INFO = INCLUDE_SOURCE;
				MTL_FAST_MATH = YES;
				ONLY_ACTIVE_ARCH = YES;
				SDKROOT = iphoneos;
				SWIFT_ACTIVE_COMPILATION_CONDITIONS = DEBUG;
				SWIFT_OPTIMIZATION_LEVEL = "-Onone";
			};
			name = Debug;
		};
		CBD619EC2528983500050027 /* Release */ = {
			isa = XCBuildConfiguration;
			buildSettings = {
				ALWAYS_SEARCH_USER_PATHS = NO;
				CLANG_ANALYZER_NONNULL = YES;
				CLANG_ANALYZER_NUMBER_OBJECT_CONVERSION = YES_AGGRESSIVE;
				CLANG_CXX_LANGUAGE_STANDARD = "gnu++14";
				CLANG_CXX_LIBRARY = "libc++";
				CLANG_ENABLE_MODULES = YES;
				CLANG_ENABLE_OBJC_ARC = YES;
				CLANG_ENABLE_OBJC_WEAK = YES;
				CLANG_WARN_BLOCK_CAPTURE_AUTORELEASING = YES;
				CLANG_WARN_BOOL_CONVERSION = YES;
				CLANG_WARN_COMMA = YES;
				CLANG_WARN_CONSTANT_CONVERSION = YES;
				CLANG_WARN_DEPRECATED_OBJC_IMPLEMENTATIONS = YES;
				CLANG_WARN_DIRECT_OBJC_ISA_USAGE = YES_ERROR;
				CLANG_WARN_DOCUMENTATION_COMMENTS = YES;
				CLANG_WARN_EMPTY_BODY = YES;
				CLANG_WARN_ENUM_CONVERSION = YES;
				CLANG_WARN_INFINITE_RECURSION = YES;
				CLANG_WARN_INT_CONVERSION = YES;
				CLANG_WARN_NON_LITERAL_NULL_CONVERSION = YES;
				CLANG_WARN_OBJC_IMPLICIT_RETAIN_SELF = YES;
				CLANG_WARN_OBJC_LITERAL_CONVERSION = YES;
				CLANG_WARN_OBJC_ROOT_CLASS = YES_ERROR;
				CLANG_WARN_RANGE_LOOP_ANALYSIS = YES;
				CLANG_WARN_STRICT_PROTOTYPES = YES;
				CLANG_WARN_SUSPICIOUS_MOVE = YES;
				CLANG_WARN_UNGUARDED_AVAILABILITY = YES_AGGRESSIVE;
				CLANG_WARN_UNREACHABLE_CODE = YES;
				CLANG_WARN__DUPLICATE_METHOD_MATCH = YES;
				COPY_PHASE_STRIP = NO;
				DEBUG_INFORMATION_FORMAT = "dwarf-with-dsym";
				ENABLE_NS_ASSERTIONS = NO;
				ENABLE_STRICT_OBJC_MSGSEND = YES;
				GCC_C_LANGUAGE_STANDARD = gnu11;
				GCC_NO_COMMON_BLOCKS = YES;
				GCC_WARN_64_TO_32_BIT_CONVERSION = YES;
				GCC_WARN_ABOUT_RETURN_TYPE = YES_ERROR;
				GCC_WARN_UNDECLARED_SELECTOR = YES;
				GCC_WARN_UNINITIALIZED_AUTOS = YES_AGGRESSIVE;
				GCC_WARN_UNUSED_FUNCTION = YES;
				GCC_WARN_UNUSED_VARIABLE = YES;
				IPHONEOS_DEPLOYMENT_TARGET = 13.6;
				MTL_ENABLE_DEBUG_INFO = NO;
				MTL_FAST_MATH = YES;
				SDKROOT = iphoneos;
				SWIFT_COMPILATION_MODE = wholemodule;
				SWIFT_OPTIMIZATION_LEVEL = "-O";
				VALIDATE_PRODUCT = YES;
			};
			name = Release;
		};
		CBD619EE2528983500050027 /* Debug */ = {
			isa = XCBuildConfiguration;
			buildSettings = {
				ASSETCATALOG_COMPILER_APPICON_NAME = AppIcon;
				CODE_SIGN_STYLE = Automatic;
				DEVELOPMENT_TEAM = 646XC4LJ39;
				INFOPLIST_FILE = DelegationWithCombine/Info.plist;
				LD_RUNPATH_SEARCH_PATHS = (
					"$(inherited)",
					"@executable_path/Frameworks",
				);
				PRODUCT_BUNDLE_IDENTIFIER = com.developers.DelegationWithCombine;
				PRODUCT_NAME = "$(TARGET_NAME)";
				SWIFT_VERSION = 5.0;
				TARGETED_DEVICE_FAMILY = "1,2";
			};
			name = Debug;
		};
		CBD619EF2528983500050027 /* Release */ = {
			isa = XCBuildConfiguration;
			buildSettings = {
				ASSETCATALOG_COMPILER_APPICON_NAME = AppIcon;
				CODE_SIGN_STYLE = Automatic;
				DEVELOPMENT_TEAM = 646XC4LJ39;
				INFOPLIST_FILE = DelegationWithCombine/Info.plist;
				LD_RUNPATH_SEARCH_PATHS = (
					"$(inherited)",
					"@executable_path/Frameworks",
				);
				PRODUCT_BUNDLE_IDENTIFIER = com.developers.DelegationWithCombine;
				PRODUCT_NAME = "$(TARGET_NAME)";
				SWIFT_VERSION = 5.0;
				TARGETED_DEVICE_FAMILY = "1,2";
			};
			name = Release;
		};
/* End XCBuildConfiguration section */

/* Begin XCConfigurationList section */
		CBD619D42528983200050027 /* Build configuration list for PBXProject "DelegationWithCombine" */ = {
			isa = XCConfigurationList;
			buildConfigurations = (
				CBD619EB2528983500050027 /* Debug */,
				CBD619EC2528983500050027 /* Release */,
			);
			defaultConfigurationIsVisible = 0;
			defaultConfigurationName = Release;
		};
		CBD619ED2528983500050027 /* Build configuration list for PBXNativeTarget "DelegationWithCombine" */ = {
			isa = XCConfigurationList;
			buildConfigurations = (
				CBD619EE2528983500050027 /* Debug */,
				CBD619EF2528983500050027 /* Release */,
			);
			defaultConfigurationIsVisible = 0;
			defaultConfigurationName = Release;
		};
/* End XCConfigurationList section */
	};
	rootObject = CBD619D12528983200050027 /* Project object */;
}
